schema: '2.0'
stages:
  data_ingestion:
    cmd: python3 src/cnnClassifier/pipeline/stage_01_data_ingestion.py
    deps:
    - path: config/config.yaml
      hash: md5
      md5: eeb299707f01d3d40a71a2183c91b6d0
      size: 561
    - path: src/cnnClassifier/pipeline/stage_01_data_ingestion.py
      hash: md5
      md5: 48bb0686dbdd59f0f560e9f2119b0637
      size: 877
    outs:
    - path: artifacts/data_ingestion/CT-KIDNEY-DATASET-Normal-Cyst-Tumor-Stone
      hash: md5
      md5: 480f02db6967e2017d804fca0430c1a4.dir
      size: 1661580918
      nfiles: 12446
  prepare_base_model:
    cmd: python3 src/cnnClassifier/pipeline/stage_02_prepare_base_model.py
    deps:
    - path: config/config.yaml
      hash: md5
      md5: eeb299707f01d3d40a71a2183c91b6d0
      size: 561
    - path: src/cnnClassifier/pipeline/stage_02_prepare_base_model.py
      hash: md5
      md5: 77eedb71837fd994298ca3c2ce0a3555
      size: 924
    params:
      params.yaml:
        CLASSES: 4
        IMAGE_SIZE:
        - 224
        - 224
        - 3
        INCLUDE_TOP: false
        LEARNING_RATE: 0.01
        WEIGHTS: imagenet
    outs:
    - path: artifacts/prepare_base_model
      hash: md5
      md5: 454a899647a9a8f50a3cbd313a1ba3e2.dir
      size: 118274328
      nfiles: 2
  training:
    cmd: python3 src/cnnClassifier/pipeline/stage_03_model_training.py
    deps:
    - path: artifacts/data_ingestion/CT-KIDNEY-DATASET-Normal-Cyst-Tumor-Stone
      hash: md5
      md5: 480f02db6967e2017d804fca0430c1a4.dir
      size: 1661580918
      nfiles: 12446
    - path: artifacts/prepare_base_model
      hash: md5
      md5: 454a899647a9a8f50a3cbd313a1ba3e2.dir
      size: 118274328
      nfiles: 2
    - path: config/config.yaml
      hash: md5
      md5: eeb299707f01d3d40a71a2183c91b6d0
      size: 561
    - path: src/cnnClassifier/pipeline/stage_03_model_training.py
      hash: md5
      md5: 389f8dedad5980a510cb32a37bff6149
      size: 884
    params:
      params.yaml:
        AUGMENTATION: true
        BATCH_SIZE: 16
        EPOCHS: 1
        IMAGE_SIZE:
        - 224
        - 224
        - 3
    outs:
    - path: artifacts/training/model.h5
      hash: md5
      md5: c427d77ca8c7e974a3983b657b999694
      size: 59348248
  evaluation:
    cmd: python3 src/cnnClassifier/pipeline/stage_04_model_evaluation.py
    deps:
    - path: artifacts/data_ingestion/CT-KIDNEY-DATASET-Normal-Cyst-Tumor-Stone
      hash: md5
      md5: 480f02db6967e2017d804fca0430c1a4.dir
      size: 1661580918
      nfiles: 12446
    - path: artifacts/training/model.h5
      hash: md5
      md5: c427d77ca8c7e974a3983b657b999694
      size: 59348248
    - path: config/config.yaml
      hash: md5
      md5: eeb299707f01d3d40a71a2183c91b6d0
      size: 561
    - path: src/cnnClassifier/pipeline/stage_04_model_evaluation.py
      hash: md5
      md5: 02b2cb92301d79f4940cd3cb3b3ad041
      size: 891
    params:
      params.yaml:
        BATCH_SIZE: 16
        IMAGE_SIZE:
        - 224
        - 224
        - 3
    outs:
    - path: scores.json
      hash: md5
      md5: 31eb2046de5b6a221df10755d79ec911
      size: 70
